
Microsoft Visual Studio Solution File, Format Version 12.00
# Visual Studio 2012
Project("{FAE04EC0-301F-11D3-BF4B-00C04F79EFBC}") = "EvaluationXamarin", "EvaluationXamarin\EvaluationXamarin.csproj", "{F3459488-F490-4788-8BF4-149B0B2C5F97}"
EndProject
Project("{FAE04EC0-301F-11D3-BF4B-00C04F79EFBC}") = "EvaluationXamarin.iOS", "iOS\EvaluationXamarin.iOS.csproj", "{CBEB13E5-BEE1-4E43-904A-9E98828DB4D8}"
EndProject
Project("{FAE04EC0-301F-11D3-BF4B-00C04F79EFBC}") = "EvaluationXamarin.Droid", "Droid\EvaluationXamarin.Droid.csproj", "{C2AA6EA2-3F3B-4657-B352-3C223FE1EDE5}"
EndProject
Global
	GlobalSection(SolutionConfigurationPlatforms) = preSolution
		Debug|Any CPU = Debug|Any CPU
		Release|Any CPU = Release|Any CPU
		Debug|iPhoneSimulator = Debug|iPhoneSimulator
		Release|iPhone = Release|iPhone
		Release|iPhoneSimulator = Release|iPhoneSimulator
		Debug|iPhone = Debug|iPhone
	EndGlobalSection
	GlobalSection(ProjectConfigurationPlatforms) = postSolution
		{F3459488-F490-4788-8BF4-149B0B2C5F97}.Debug|Any CPU.ActiveCfg = Debug|Any CPU
		{F3459488-F490-4788-8BF4-149B0B2C5F97}.Debug|Any CPU.Build.0 = Debug|Any CPU
		{F3459488-F490-4788-8BF4-149B0B2C5F97}.Release|Any CPU.ActiveCfg = Release|Any CPU
		{F3459488-F490-4788-8BF4-149B0B2C5F97}.Release|Any CPU.Build.0 = Release|Any CPU
		{F3459488-F490-4788-8BF4-149B0B2C5F97}.Debug|iPhoneSimulator.ActiveCfg = Debug|Any CPU
		{F3459488-F490-4788-8BF4-149B0B2C5F97}.Debug|iPhoneSimulator.Build.0 = Debug|Any CPU
		{F3459488-F490-4788-8BF4-149B0B2C5F97}.Release|iPhone.ActiveCfg = Release|Any CPU
		{F3459488-F490-4788-8BF4-149B0B2C5F97}.Release|iPhone.Build.0 = Release|Any CPU
		{F3459488-F490-4788-8BF4-149B0B2C5F97}.Release|iPhoneSimulator.ActiveCfg = Release|Any CPU
		{F3459488-F490-4788-8BF4-149B0B2C5F97}.Release|iPhoneSimulator.Build.0 = Release|Any CPU
		{F3459488-F490-4788-8BF4-149B0B2C5F97}.Debug|iPhone.ActiveCfg = Debug|Any CPU
		{F3459488-F490-4788-8BF4-149B0B2C5F97}.Debug|iPhone.Build.0 = Debug|Any CPU
		{CBEB13E5-BEE1-4E43-904A-9E98828DB4D8}.Debug|Any CPU.ActiveCfg = Debug|iPhoneSimulator
		{CBEB13E5-BEE1-4E43-904A-9E98828DB4D8}.Debug|Any CPU.Build.0 = Debug|iPhoneSimulator
		{CBEB13E5-BEE1-4E43-904A-9E98828DB4D8}.Release|Any CPU.ActiveCfg = Release|iPhone
		{CBEB13E5-BEE1-4E43-904A-9E98828DB4D8}.Release|Any CPU.Build.0 = Release|iPhone
		{CBEB13E5-BEE1-4E43-904A-9E98828DB4D8}.Debug|iPhoneSimulator.ActiveCfg = Debug|iPhoneSimulator
		{CBEB13E5-BEE1-4E43-904A-9E98828DB4D8}.Debug|iPhoneSimulator.Build.0 = Debug|iPhoneSimulator
		{CBEB13E5-BEE1-4E43-904A-9E98828DB4D8}.Release|iPhone.ActiveCfg = Release|iPhone
		{CBEB13E5-BEE1-4E43-904A-9E98828DB4D8}.Release|iPhone.Build.0 = Release|iPhone
		{CBEB13E5-BEE1-4E43-904A-9E98828DB4D8}.Release|iPhoneSimulator.ActiveCfg = Release|iPhoneSimulator
		{CBEB13E5-BEE1-4E43-904A-9E98828DB4D8}.Release|iPhoneSimulator.Build.0 = Release|iPhoneSimulator
		{CBEB13E5-BEE1-4E43-904A-9E98828DB4D8}.Debug|iPhone.ActiveCfg = Debug|iPhone
		{CBEB13E5-BEE1-4E43-904A-9E98828DB4D8}.Debug|iPhone.Build.0 = Debug|iPhone
		{C2AA6EA2-3F3B-4657-B352-3C223FE1EDE5}.Debug|Any CPU.ActiveCfg = Debug|Any CPU
		{C2AA6EA2-3F3B-4657-B352-3C223FE1EDE5}.Debug|Any CPU.Build.0 = Debug|Any CPU
		{C2AA6EA2-3F3B-4657-B352-3C223FE1EDE5}.Release|Any CPU.ActiveCfg = Release|Any CPU
		{C2AA6EA2-3F3B-4657-B352-3C223FE1EDE5}.Release|Any CPU.Build.0 = Release|Any CPU
		{C2AA6EA2-3F3B-4657-B352-3C223FE1EDE5}.Debug|iPhoneSimulator.ActiveCfg = Debug|Any CPU
		{C2AA6EA2-3F3B-4657-B352-3C223FE1EDE5}.Debug|iPhoneSimulator.Build.0 = Debug|Any CPU
		{C2AA6EA2-3F3B-4657-B352-3C223FE1EDE5}.Release|iPhone.ActiveCfg = Release|Any CPU
		{C2AA6EA2-3F3B-4657-B352-3C223FE1EDE5}.Release|iPhone.Build.0 = Release|Any CPU
		{C2AA6EA2-3F3B-4657-B352-3C223FE1EDE5}.Release|iPhoneSimulator.ActiveCfg = Release|Any CPU
		{C2AA6EA2-3F3B-4657-B352-3C223FE1EDE5}.Release|iPhoneSimulator.Build.0 = Release|Any CPU
		{C2AA6EA2-3F3B-4657-B352-3C223FE1EDE5}.Debug|iPhone.ActiveCfg = Debug|Any CPU
		{C2AA6EA2-3F3B-4657-B352-3C223FE1EDE5}.Debug|iPhone.Build.0 = Debug|Any CPU
	EndGlobalSection
EndGlobal
